
Microsoft Visual Studio Solution File, Format Version 12.00
# Visual Studio Version 17
VisualStudioVersion = 17.4.33213.308
MinimumVisualStudioVersion = 10.0.40219.1
Project("{FAE04EC0-301F-11D3-BF4B-00C04F79EFBC}") = "CalculadoraIMC", "CalculadoraIMC\CalculadoraIMC.csproj", "{F4E78DC3-F12B-447C-8F85-E05AB394EFBF}"
EndProject
Global
	GlobalSection(SolutionConfigurationPlatforms) = preSolution
		Debug|Any CPU = Debug|Any CPU
		Release|Any CPU = Release|Any CPU
	EndGlobalSection
	GlobalSection(ProjectConfigurationPlatforms) = postSolution
		{F4E78DC3-F12B-447C-8F85-E05AB394EFBF}.Debug|Any CPU.ActiveCfg = Debug|Any CPU
		{F4E78DC3-F12B-447C-8F85-E05AB394EFBF}.Debug|Any CPU.Build.0 = Debug|Any CPU
		{F4E78DC3-F12B-447C-8F85-E05AB394EFBF}.Release|Any CPU.ActiveCfg = Release|Any CPU
		{F4E78DC3-F12B-447C-8F85-E05AB394EFBF}.Release|Any CPU.Build.0 = Release|Any CPU
	EndGlobalSection
	GlobalSection(SolutionProperties) = preSolution
		HideSolutionNode = FALSE
	EndGlobalSection
	GlobalSection(ExtensibilityGlobals) = postSolution
		SolutionGuid = {D9957C3A-7FD3-4E33-AB3C-6A1112ADAC88}
	EndGlobalSection
EndGlobal
